// !$*UTF8*$!
{
	archiveVersion = 1;
	classes = {
	};
	objectVersion = 56;
	objects = {

/* Begin PBXBuildFile section */
		CB05964629AA48BA00D24F10 /* CartViewModel.swift in Sources */ = {isa = PBXBuildFile; fileRef = CB05964529AA48BA00D24F10 /* CartViewModel.swift */; };
		CB232AF529B486F20038665F /* CartItemView.swift in Sources */ = {isa = PBXBuildFile; fileRef = CB232AF429B486F20038665F /* CartItemView.swift */; };
		CB32CE3429A3974C00F8E173 /* CartVC.swift in Sources */ = {isa = PBXBuildFile; fileRef = CB32CE3329A3974C00F8E173 /* CartVC.swift */; };
		CB4F63F029B2218E008F231C /* Public.swift in Sources */ = {isa = PBXBuildFile; fileRef = CB4F63EF29B2218E008F231C /* Public.swift */; };
		CB5CA38D2996CB9600487D47 /* AppDelegate.swift in Sources */ = {isa = PBXBuildFile; fileRef = CB5CA38C2996CB9600487D47 /* AppDelegate.swift */; };
		CB5CA38F2996CB9600487D47 /* SceneDelegate.swift in Sources */ = {isa = PBXBuildFile; fileRef = CB5CA38E2996CB9600487D47 /* SceneDelegate.swift */; };
		CB5CA3912996CB9600487D47 /* MenuVC.swift in Sources */ = {isa = PBXBuildFile; fileRef = CB5CA3902996CB9600487D47 /* MenuVC.swift */; };
		CB5CA3962996CB9800487D47 /* Assets.xcassets in Resources */ = {isa = PBXBuildFile; fileRef = CB5CA3952996CB9800487D47 /* Assets.xcassets */; };
		CB5CA3992996CB9800487D47 /* LaunchScreen.storyboard in Resources */ = {isa = PBXBuildFile; fileRef = CB5CA3972996CB9800487D47 /* LaunchScreen.storyboard */; };
		CB6217E829A38516009D64A3 /* DamaColor.swift in Sources */ = {isa = PBXBuildFile; fileRef = CB6217E729A38516009D64A3 /* DamaColor.swift */; };
		CB6217EB29A38590009D64A3 /* UIColor+Ext.swift in Sources */ = {isa = PBXBuildFile; fileRef = CB6217EA29A38590009D64A3 /* UIColor+Ext.swift */; };
		CB6217EF29A393E7009D64A3 /* CartButton.swift in Sources */ = {isa = PBXBuildFile; fileRef = CB6217EE29A393E7009D64A3 /* CartButton.swift */; };
		CBAE8A7E29A532D900E748CB /* CountView.swift in Sources */ = {isa = PBXBuildFile; fileRef = CBAE8A7D29A532D900E748CB /* CountView.swift */; };
		CBCA493C2998CDFD00867AD4 /* MenuImageView.swift in Sources */ = {isa = PBXBuildFile; fileRef = CBCA493B2998CDFD00867AD4 /* MenuImageView.swift */; };
		CBCA493E2998D19300867AD4 /* DamaTextButton.swift in Sources */ = {isa = PBXBuildFile; fileRef = CBCA493D2998D19300867AD4 /* DamaTextButton.swift */; };
		CBCA49402998D1A200867AD4 /* DamaIconButton.swift in Sources */ = {isa = PBXBuildFile; fileRef = CBCA493F2998D1A200867AD4 /* DamaIconButton.swift */; };
		CBCA49422998D26900867AD4 /* MenuCollectionVC.swift in Sources */ = {isa = PBXBuildFile; fileRef = CBCA49412998D26900867AD4 /* MenuCollectionVC.swift */; };
		CBCA49442998EF7200867AD4 /* MenuViewModel.swift in Sources */ = {isa = PBXBuildFile; fileRef = CBCA49432998EF7200867AD4 /* MenuViewModel.swift */; };
		CBCA49462998F2CA00867AD4 /* MenuCell.swift in Sources */ = {isa = PBXBuildFile; fileRef = CBCA49452998F2CA00867AD4 /* MenuCell.swift */; };
		CBF396272998082900915229 /* OrderResultVC.swift in Sources */ = {isa = PBXBuildFile; fileRef = CBF396262998082900915229 /* OrderResultVC.swift */; };
		CBF3962A299808FC00915229 /* DamaLabel.swift in Sources */ = {isa = PBXBuildFile; fileRef = CBF39629299808FC00915229 /* DamaLabel.swift */; };
		CBF3962F29980B1400915229 /* Menu.swift in Sources */ = {isa = PBXBuildFile; fileRef = CBF3962E29980B1400915229 /* Menu.swift */; };
		CBF3963129980B8700915229 /* ErrorMessages.swift in Sources */ = {isa = PBXBuildFile; fileRef = CBF3963029980B8700915229 /* ErrorMessages.swift */; };
		CBF3963329980C0600915229 /* WebService.swift in Sources */ = {isa = PBXBuildFile; fileRef = CBF3963229980C0600915229 /* WebService.swift */; };
		CBF396352998153100915229 /* Observable.swift in Sources */ = {isa = PBXBuildFile; fileRef = CBF396342998153100915229 /* Observable.swift */; };
		CBF3963829981B2C00915229 /* AllMenusViewModel.swift in Sources */ = {isa = PBXBuildFile; fileRef = CBF3963729981B2C00915229 /* AllMenusViewModel.swift */; };
/* End PBXBuildFile section */

/* Begin PBXFileReference section */
		CB05964529AA48BA00D24F10 /* CartViewModel.swift */ = {isa = PBXFileReference; lastKnownFileType = sourcecode.swift; path = CartViewModel.swift; sourceTree = "<group>"; };
		CB232AF429B486F20038665F /* CartItemView.swift */ = {isa = PBXFileReference; lastKnownFileType = sourcecode.swift; path = CartItemView.swift; sourceTree = "<group>"; };
		CB32CE3329A3974C00F8E173 /* CartVC.swift */ = {isa = PBXFileReference; lastKnownFileType = sourcecode.swift; path = CartVC.swift; sourceTree = "<group>"; };
		CB4F63EF29B2218E008F231C /* Public.swift */ = {isa = PBXFileReference; lastKnownFileType = sourcecode.swift; path = Public.swift; sourceTree = "<group>"; };
		CB5CA3892996CB9600487D47 /* dama.app */ = {isa = PBXFileReference; explicitFileType = wrapper.application; includeInIndex = 0; path = dama.app; sourceTree = BUILT_PRODUCTS_DIR; };
		CB5CA38C2996CB9600487D47 /* AppDelegate.swift */ = {isa = PBXFileReference; lastKnownFileType = sourcecode.swift; path = AppDelegate.swift; sourceTree = "<group>"; };
		CB5CA38E2996CB9600487D47 /* SceneDelegate.swift */ = {isa = PBXFileReference; lastKnownFileType = sourcecode.swift; path = SceneDelegate.swift; sourceTree = "<group>"; };
		CB5CA3902996CB9600487D47 /* MenuVC.swift */ = {isa = PBXFileReference; lastKnownFileType = sourcecode.swift; path = MenuVC.swift; sourceTree = "<group>"; };
		CB5CA3952996CB9800487D47 /* Assets.xcassets */ = {isa = PBXFileReference; lastKnownFileType = folder.assetcatalog; path = Assets.xcassets; sourceTree = "<group>"; };
		CB5CA3982996CB9800487D47 /* Base */ = {isa = PBXFileReference; lastKnownFileType = file.storyboard; name = Base; path = Base.lproj/LaunchScreen.storyboard; sourceTree = "<group>"; };
		CB5CA39A2996CB9800487D47 /* Info.plist */ = {isa = PBXFileReference; lastKnownFileType = text.plist.xml; path = Info.plist; sourceTree = "<group>"; };
		CB6217E729A38516009D64A3 /* DamaColor.swift */ = {isa = PBXFileReference; lastKnownFileType = sourcecode.swift; path = DamaColor.swift; sourceTree = "<group>"; };
		CB6217EA29A38590009D64A3 /* UIColor+Ext.swift */ = {isa = PBXFileReference; lastKnownFileType = sourcecode.swift; path = "UIColor+Ext.swift"; sourceTree = "<group>"; };
		CB6217EE29A393E7009D64A3 /* CartButton.swift */ = {isa = PBXFileReference; lastKnownFileType = sourcecode.swift; path = CartButton.swift; sourceTree = "<group>"; };
		CBAE8A7D29A532D900E748CB /* CountView.swift */ = {isa = PBXFileReference; lastKnownFileType = sourcecode.swift; path = CountView.swift; sourceTree = "<group>"; };
		CBCA493B2998CDFD00867AD4 /* MenuImageView.swift */ = {isa = PBXFileReference; lastKnownFileType = sourcecode.swift; path = MenuImageView.swift; sourceTree = "<group>"; };
		CBCA493D2998D19300867AD4 /* DamaTextButton.swift */ = {isa = PBXFileReference; lastKnownFileType = sourcecode.swift; path = DamaTextButton.swift; sourceTree = "<group>"; };
		CBCA493F2998D1A200867AD4 /* DamaIconButton.swift */ = {isa = PBXFileReference; lastKnownFileType = sourcecode.swift; path = DamaIconButton.swift; sourceTree = "<group>"; };
		CBCA49412998D26900867AD4 /* MenuCollectionVC.swift */ = {isa = PBXFileReference; lastKnownFileType = sourcecode.swift; path = MenuCollectionVC.swift; sourceTree = "<group>"; };
		CBCA49432998EF7200867AD4 /* MenuViewModel.swift */ = {isa = PBXFileReference; lastKnownFileType = sourcecode.swift; path = MenuViewModel.swift; sourceTree = "<group>"; };
		CBCA49452998F2CA00867AD4 /* MenuCell.swift */ = {isa = PBXFileReference; lastKnownFileType = sourcecode.swift; path = MenuCell.swift; sourceTree = "<group>"; };
		CBF396262998082900915229 /* OrderResultVC.swift */ = {isa = PBXFileReference; lastKnownFileType = sourcecode.swift; path = OrderResultVC.swift; sourceTree = "<group>"; };
		CBF39629299808FC00915229 /* DamaLabel.swift */ = {isa = PBXFileReference; lastKnownFileType = sourcecode.swift; path = DamaLabel.swift; sourceTree = "<group>"; };
		CBF3962E29980B1400915229 /* Menu.swift */ = {isa = PBXFileReference; lastKnownFileType = sourcecode.swift; path = Menu.swift; sourceTree = "<group>"; };
		CBF3963029980B8700915229 /* ErrorMessages.swift */ = {isa = PBXFileReference; lastKnownFileType = sourcecode.swift; path = ErrorMessages.swift; sourceTree = "<group>"; };
		CBF3963229980C0600915229 /* WebService.swift */ = {isa = PBXFileReference; lastKnownFileType = sourcecode.swift; path = WebService.swift; sourceTree = "<group>"; };
		CBF396342998153100915229 /* Observable.swift */ = {isa = PBXFileReference; lastKnownFileType = sourcecode.swift; path = Observable.swift; sourceTree = "<group>"; };
		CBF3963729981B2C00915229 /* AllMenusViewModel.swift */ = {isa = PBXFileReference; lastKnownFileType = sourcecode.swift; path = AllMenusViewModel.swift; sourceTree = "<group>"; };
/* End PBXFileReference section */

/* Begin PBXFrameworksBuildPhase section */
		CB5CA3862996CB9600487D47 /* Frameworks */ = {
			isa = PBXFrameworksBuildPhase;
			buildActionMask = 2147483647;
			files = (
			);
			runOnlyForDeploymentPostprocessing = 0;
		};
/* End PBXFrameworksBuildPhase section */

/* Begin PBXGroup section */
		CB5CA3802996CB9600487D47 = {
			isa = PBXGroup;
			children = (
				CB5CA38B2996CB9600487D47 /* dama */,
				CB5CA38A2996CB9600487D47 /* Products */,
			);
			sourceTree = "<group>";
		};
		CB5CA38A2996CB9600487D47 /* Products */ = {
			isa = PBXGroup;
			children = (
				CB5CA3892996CB9600487D47 /* dama.app */,
			);
			name = Products;
			sourceTree = "<group>";
		};
		CB5CA38B2996CB9600487D47 /* dama */ = {
			isa = PBXGroup;
			children = (
				CB6217E929A38573009D64A3 /* Extensions */,
				CB5CA3A12996CC7300487D47 /* App */,
				CBF3962C29980AF500915229 /* Models */,
				CBF3962D29980B0000915229 /* Services */,
				CB5CA3A02996CC4500487D47 /* ViewControllers */,
				CBF3963629981AB400915229 /* ViewModels */,
				CBF396282998089300915229 /* Views */,
				CBF3962B29980AEA00915229 /* Utils */,
			);
			path = dama;
			sourceTree = "<group>";
		};
		CB5CA3A02996CC4500487D47 /* ViewControllers */ = {
			isa = PBXGroup;
			children = (
				CB5CA3902996CB9600487D47 /* MenuVC.swift */,
				CBF396262998082900915229 /* OrderResultVC.swift */,
				CBCA49412998D26900867AD4 /* MenuCollectionVC.swift */,
				CB32CE3329A3974C00F8E173 /* CartVC.swift */,
			);
			path = ViewControllers;
			sourceTree = "<group>";
		};
		CB5CA3A12996CC7300487D47 /* App */ = {
			isa = PBXGroup;
			children = (
				CB5CA3952996CB9800487D47 /* Assets.xcassets */,
				CB5CA3972996CB9800487D47 /* LaunchScreen.storyboard */,
				CB5CA39A2996CB9800487D47 /* Info.plist */,
				CB5CA38C2996CB9600487D47 /* AppDelegate.swift */,
				CB5CA38E2996CB9600487D47 /* SceneDelegate.swift */,
			);
			path = App;
			sourceTree = "<group>";
		};
		CB6217E929A38573009D64A3 /* Extensions */ = {
			isa = PBXGroup;
			children = (
				CB6217EA29A38590009D64A3 /* UIColor+Ext.swift */,
			);
			path = Extensions;
			sourceTree = "<group>";
		};
		CBF396282998089300915229 /* Views */ = {
			isa = PBXGroup;
			children = (
				CBF39629299808FC00915229 /* DamaLabel.swift */,
				CBCA493B2998CDFD00867AD4 /* MenuImageView.swift */,
				CBCA493D2998D19300867AD4 /* DamaTextButton.swift */,
				CBCA493F2998D1A200867AD4 /* DamaIconButton.swift */,
				CBCA49452998F2CA00867AD4 /* MenuCell.swift */,
				CB6217EE29A393E7009D64A3 /* CartButton.swift */,
				CBAE8A7D29A532D900E748CB /* CountView.swift */,
				CB232AF429B486F20038665F /* CartItemView.swift */,
			);
			path = Views;
			sourceTree = "<group>";
		};
		CBF3962B29980AEA00915229 /* Utils */ = {
			isa = PBXGroup;
			children = (
				CBF3963029980B8700915229 /* ErrorMessages.swift */,
				CBF396342998153100915229 /* Observable.swift */,
				CB6217E729A38516009D64A3 /* DamaColor.swift */,
				CB4F63EF29B2218E008F231C /* Public.swift */,
			);
			path = Utils;
			sourceTree = "<group>";
		};
		CBF3962C29980AF500915229 /* Models */ = {
			isa = PBXGroup;
			children = (
				CBF3962E29980B1400915229 /* Menu.swift */,
			);
			path = Models;
			sourceTree = "<group>";
		};
		CBF3962D29980B0000915229 /* Services */ = {
			isa = PBXGroup;
			children = (
				CBF3963229980C0600915229 /* WebService.swift */,
			);
			path = Services;
			sourceTree = "<group>";
		};
		CBF3963629981AB400915229 /* ViewModels */ = {
			isa = PBXGroup;
			children = (
				CBF3963729981B2C00915229 /* AllMenusViewModel.swift */,
				CBCA49432998EF7200867AD4 /* MenuViewModel.swift */,
				CB05964529AA48BA00D24F10 /* CartViewModel.swift */,
			);
			path = ViewModels;
			sourceTree = "<group>";
		};
/* End PBXGroup section */

/* Begin PBXNativeTarget section */
		CB5CA3882996CB9600487D47 /* dama */ = {
			isa = PBXNativeTarget;
			buildConfigurationList = CB5CA39D2996CB9800487D47 /* Build configuration list for PBXNativeTarget "dama" */;
			buildPhases = (
				CB5CA3852996CB9600487D47 /* Sources */,
				CB5CA3862996CB9600487D47 /* Frameworks */,
				CB5CA3872996CB9600487D47 /* Resources */,
			);
			buildRules = (
			);
			dependencies = (
			);
			name = dama;
			productName = dama;
			productReference = CB5CA3892996CB9600487D47 /* dama.app */;
			productType = "com.apple.product-type.application";
		};
/* End PBXNativeTarget section */

/* Begin PBXProject section */
		CB5CA3812996CB9600487D47 /* Project object */ = {
			isa = PBXProject;
			attributes = {
				BuildIndependentTargetsInParallel = 1;
				LastSwiftUpdateCheck = 1420;
				LastUpgradeCheck = 1420;
				TargetAttributes = {
					CB5CA3882996CB9600487D47 = {
						CreatedOnToolsVersion = 14.2;
					};
				};
			};
			buildConfigurationList = CB5CA3842996CB9600487D47 /* Build configuration list for PBXProject "dama" */;
			compatibilityVersion = "Xcode 14.0";
			developmentRegion = en;
			hasScannedForEncodings = 0;
			knownRegions = (
				en,
				Base,
			);
			mainGroup = CB5CA3802996CB9600487D47;
			productRefGroup = CB5CA38A2996CB9600487D47 /* Products */;
			projectDirPath = "";
			projectRoot = "";
			targets = (
				CB5CA3882996CB9600487D47 /* dama */,
			);
		};
/* End PBXProject section */

/* Begin PBXResourcesBuildPhase section */
		CB5CA3872996CB9600487D47 /* Resources */ = {
			isa = PBXResourcesBuildPhase;
			buildActionMask = 2147483647;
			files = (
				CB5CA3992996CB9800487D47 /* LaunchScreen.storyboard in Resources */,
				CB5CA3962996CB9800487D47 /* Assets.xcassets in Resources */,
			);
			runOnlyForDeploymentPostprocessing = 0;
		};
/* End PBXResourcesBuildPhase section */

/* Begin PBXSourcesBuildPhase section */
		CB5CA3852996CB9600487D47 /* Sources */ = {
			isa = PBXSourcesBuildPhase;
			buildActionMask = 2147483647;
			files = (
				CBF3963129980B8700915229 /* ErrorMessages.swift in Sources */,
				CB32CE3429A3974C00F8E173 /* CartVC.swift in Sources */,
				CB232AF529B486F20038665F /* CartItemView.swift in Sources */,
				CBF3962F29980B1400915229 /* Menu.swift in Sources */,
				CBF3963329980C0600915229 /* WebService.swift in Sources */,
				CB6217EB29A38590009D64A3 /* UIColor+Ext.swift in Sources */,
				CBCA49442998EF7200867AD4 /* MenuViewModel.swift in Sources */,
				CBCA493E2998D19300867AD4 /* DamaTextButton.swift in Sources */,
				CB5CA3912996CB9600487D47 /* MenuVC.swift in Sources */,
				CB05964629AA48BA00D24F10 /* CartViewModel.swift in Sources */,
				CBF396352998153100915229 /* Observable.swift in Sources */,
				CBAE8A7E29A532D900E748CB /* CountView.swift in Sources */,
				CB5CA38D2996CB9600487D47 /* AppDelegate.swift in Sources */,
				CBCA49402998D1A200867AD4 /* DamaIconButton.swift in Sources */,
				CB4F63F029B2218E008F231C /* Public.swift in Sources */,
				CBF396272998082900915229 /* OrderResultVC.swift in Sources */,
				CB6217EF29A393E7009D64A3 /* CartButton.swift in Sources */,
				CBCA493C2998CDFD00867AD4 /* MenuImageView.swift in Sources */,
				CB6217E829A38516009D64A3 /* DamaColor.swift in Sources */,
				CB5CA38F2996CB9600487D47 /* SceneDelegate.swift in Sources */,
				CBF3962A299808FC00915229 /* DamaLabel.swift in Sources */,
				CBF3963829981B2C00915229 /* AllMenusViewModel.swift in Sources */,
				CBCA49462998F2CA00867AD4 /* MenuCell.swift in Sources */,
				CBCA49422998D26900867AD4 /* MenuCollectionVC.swift in Sources */,
			);
			runOnlyForDeploymentPostprocessing = 0;
		};
/* End PBXSourcesBuildPhase section */

/* Begin PBXVariantGroup section */
		CB5CA3972996CB9800487D47 /* LaunchScreen.storyboard */ = {
			isa = PBXVariantGroup;
			children = (
				CB5CA3982996CB9800487D47 /* Base */,
			);
			name = LaunchScreen.storyboard;
			sourceTree = "<group>";
		};
/* End PBXVariantGroup section */

/* Begin XCBuildConfiguration section */
		CB5CA39B2996CB9800487D47 /* Debug */ = {
			isa = XCBuildConfiguration;
			buildSettings = {
				ALWAYS_SEARCH_USER_PATHS = NO;
				CLANG_ANALYZER_NONNULL = YES;
				CLANG_ANALYZER_NUMBER_OBJECT_CONVERSION = YES_AGGRESSIVE;
				CLANG_CXX_LANGUAGE_STANDARD = "gnu++20";
				CLANG_ENABLE_MODULES = YES;
				CLANG_ENABLE_OBJC_ARC = YES;
				CLANG_ENABLE_OBJC_WEAK = YES;
				CLANG_WARN_BLOCK_CAPTURE_AUTORELEASING = YES;
				CLANG_WARN_BOOL_CONVERSION = YES;
				CLANG_WARN_COMMA = YES;
				CLANG_WARN_CONSTANT_CONVERSION = YES;
				CLANG_WARN_DEPRECATED_OBJC_IMPLEMENTATIONS = YES;
				CLANG_WARN_DIRECT_OBJC_ISA_USAGE = YES_ERROR;
				CLANG_WARN_DOCUMENTATION_COMMENTS = YES;
				CLANG_WARN_EMPTY_BODY = YES;
				CLANG_WARN_ENUM_CONVERSION = YES;
				CLANG_WARN_INFINITE_RECURSION = YES;
				CLANG_WARN_INT_CONVERSION = YES;
				CLANG_WARN_NON_LITERAL_NULL_CONVERSION = YES;
				CLANG_WARN_OBJC_IMPLICIT_RETAIN_SELF = YES;
				CLANG_WARN_OBJC_LITERAL_CONVERSION = YES;
				CLANG_WARN_OBJC_ROOT_CLASS = YES_ERROR;
				CLANG_WARN_QUOTED_INCLUDE_IN_FRAMEWORK_HEADER = YES;
				CLANG_WARN_RANGE_LOOP_ANALYSIS = YES;
				CLANG_WARN_STRICT_PROTOTYPES = YES;
				CLANG_WARN_SUSPICIOUS_MOVE = YES;
				CLANG_WARN_UNGUARDED_AVAILABILITY = YES_AGGRESSIVE;
				CLANG_WARN_UNREACHABLE_CODE = YES;
				CLANG_WARN__DUPLICATE_METHOD_MATCH = YES;
				COPY_PHASE_STRIP = NO;
				DEBUG_INFORMATION_FORMAT = dwarf;
				ENABLE_STRICT_OBJC_MSGSEND = YES;
				ENABLE_TESTABILITY = YES;
				GCC_C_LANGUAGE_STANDARD = gnu11;
				GCC_DYNAMIC_NO_PIC = NO;
				GCC_NO_COMMON_BLOCKS = YES;
				GCC_OPTIMIZATION_LEVEL = 0;
				GCC_PREPROCESSOR_DEFINITIONS = (
					"DEBUG=1",
					"$(inherited)",
				);
				GCC_WARN_64_TO_32_BIT_CONVERSION = YES;
				GCC_WARN_ABOUT_RETURN_TYPE = YES_ERROR;
				GCC_WARN_UNDECLARED_SELECTOR = YES;
				GCC_WARN_UNINITIALIZED_AUTOS = YES_AGGRESSIVE;
				GCC_WARN_UNUSED_FUNCTION = YES;
				GCC_WARN_UNUSED_VARIABLE = YES;
				IPHONEOS_DEPLOYMENT_TARGET = 16.2;
				MTL_ENABLE_DEBUG_INFO = INCLUDE_SOURCE;
				MTL_FAST_MATH = YES;
				ONLY_ACTIVE_ARCH = YES;
				SDKROOT = iphoneos;
				SWIFT_ACTIVE_COMPILATION_CONDITIONS = DEBUG;
				SWIFT_OPTIMIZATION_LEVEL = "-Onone";
			};
			name = Debug;
		};
		CB5CA39C2996CB9800487D47 /* Release */ = {
			isa = XCBuildConfiguration;
			buildSettings = {
				ALWAYS_SEARCH_USER_PATHS = NO;
				CLANG_ANALYZER_NONNULL = YES;
				CLANG_ANALYZER_NUMBER_OBJECT_CONVERSION = YES_AGGRESSIVE;
				CLANG_CXX_LANGUAGE_STANDARD = "gnu++20";
				CLANG_ENABLE_MODULES = YES;
				CLANG_ENABLE_OBJC_ARC = YES;
				CLANG_ENABLE_OBJC_WEAK = YES;
				CLANG_WARN_BLOCK_CAPTURE_AUTORELEASING = YES;
				CLANG_WARN_BOOL_CONVERSION = YES;
				CLANG_WARN_COMMA = YES;
				CLANG_WARN_CONSTANT_CONVERSION = YES;
				CLANG_WARN_DEPRECATED_OBJC_IMPLEMENTATIONS = YES;
				CLANG_WARN_DIRECT_OBJC_ISA_USAGE = YES_ERROR;
				CLANG_WARN_DOCUMENTATION_COMMENTS = YES;
				CLANG_WARN_EMPTY_BODY = YES;
				CLANG_WARN_ENUM_CONVERSION = YES;
				CLANG_WARN_INFINITE_RECURSION = YES;
				CLANG_WARN_INT_CONVERSION = YES;
				CLANG_WARN_NON_LITERAL_NULL_CONVERSION = YES;
				CLANG_WARN_OBJC_IMPLICIT_RETAIN_SELF = YES;
				CLANG_WARN_OBJC_LITERAL_CONVERSION = YES;
				CLANG_WARN_OBJC_ROOT_CLASS = YES_ERROR;
				CLANG_WARN_QUOTED_INCLUDE_IN_FRAMEWORK_HEADER = YES;
				CLANG_WARN_RANGE_LOOP_ANALYSIS = YES;
				CLANG_WARN_STRICT_PROTOTYPES = YES;
				CLANG_WARN_SUSPICIOUS_MOVE = YES;
				CLANG_WARN_UNGUARDED_AVAILABILITY = YES_AGGRESSIVE;
				CLANG_WARN_UNREACHABLE_CODE = YES;
				CLANG_WARN__DUPLICATE_METHOD_MATCH = YES;
				COPY_PHASE_STRIP = NO;
				DEBUG_INFORMATION_FORMAT = "dwarf-with-dsym";
				ENABLE_NS_ASSERTIONS = NO;
				ENABLE_STRICT_OBJC_MSGSEND = YES;
				GCC_C_LANGUAGE_STANDARD = gnu11;
				GCC_NO_COMMON_BLOCKS = YES;
				GCC_WARN_64_TO_32_BIT_CONVERSION = YES;
				GCC_WARN_ABOUT_RETURN_TYPE = YES_ERROR;
				GCC_WARN_UNDECLARED_SELECTOR = YES;
				GCC_WARN_UNINITIALIZED_AUTOS = YES_AGGRESSIVE;
				GCC_WARN_UNUSED_FUNCTION = YES;
				GCC_WARN_UNUSED_VARIABLE = YES;
				IPHONEOS_DEPLOYMENT_TARGET = 16.2;
				MTL_ENABLE_DEBUG_INFO = NO;
				MTL_FAST_MATH = YES;
				SDKROOT = iphoneos;
				SWIFT_COMPILATION_MODE = wholemodule;
				SWIFT_OPTIMIZATION_LEVEL = "-O";
				VALIDATE_PRODUCT = YES;
			};
			name = Release;
		};
		CB5CA39E2996CB9800487D47 /* Debug */ = {
			isa = XCBuildConfiguration;
			buildSettings = {
				ASSETCATALOG_COMPILER_APPICON_NAME = AppIcon;
				ASSETCATALOG_COMPILER_GLOBAL_ACCENT_COLOR_NAME = AccentColor;
				CODE_SIGN_STYLE = Automatic;
				CURRENT_PROJECT_VERSION = 1;
				DEVELOPMENT_TEAM = TQX48B3375;
				GENERATE_INFOPLIST_FILE = YES;
				INFOPLIST_FILE = dama/App/Info.plist;
				INFOPLIST_KEY_CFBundleDisplayName = "담아";
				INFOPLIST_KEY_LSApplicationCategoryType = "public.app-category.food-and-drink";
				INFOPLIST_KEY_UIApplicationSupportsIndirectInputEvents = YES;
				INFOPLIST_KEY_UILaunchStoryboardName = LaunchScreen;
				INFOPLIST_KEY_UISupportedInterfaceOrientations = UIInterfaceOrientationPortrait;
				INFOPLIST_KEY_UISupportedInterfaceOrientations_iPad = "UIInterfaceOrientationLandscapeLeft UIInterfaceOrientationLandscapeRight UIInterfaceOrientationPortrait UIInterfaceOrientationPortraitUpsideDown";
				LD_RUNPATH_SEARCH_PATHS = (
					"$(inherited)",
					"@executable_path/Frameworks",
				);
				MARKETING_VERSION = 1.0;
				PRODUCT_BUNDLE_IDENTIFIER = hoonjoo.dama;
				PRODUCT_NAME = "$(TARGET_NAME)";
				SUPPORTED_PLATFORMS = "iphoneos iphonesimulator";
				SUPPORTS_MACCATALYST = NO;
				SUPPORTS_MAC_DESIGNED_FOR_IPHONE_IPAD = NO;
				SWIFT_EMIT_LOC_STRINGS = YES;
				SWIFT_VERSION = 5.0;
				TARGETED_DEVICE_FAMILY = 1;
			};
			name = Debug;
		};
		CB5CA39F2996CB9800487D47 /* Release */ = {
			isa = XCBuildConfiguration;
			buildSettings = {
				ASSETCATALOG_COMPILER_APPICON_NAME = AppIcon;
				ASSETCATALOG_COMPILER_GLOBAL_ACCENT_COLOR_NAME = AccentColor;
				CODE_SIGN_STYLE = Automatic;
				CURRENT_PROJECT_VERSION = 1;
				DEVELOPMENT_TEAM = TQX48B3375;
				GENERATE_INFOPLIST_FILE = YES;
				INFOPLIST_FILE = dama/App/Info.plist;
				INFOPLIST_KEY_CFBundleDisplayName = "담아";
				INFOPLIST_KEY_LSApplicationCategoryType = "public.app-category.food-and-drink";
				INFOPLIST_KEY_UIApplicationSupportsIndirectInputEvents = YES;
				INFOPLIST_KEY_UILaunchStoryboardName = LaunchScreen;
				INFOPLIST_KEY_UISupportedInterfaceOrientations = UIInterfaceOrientationPortrait;
				INFOPLIST_KEY_UISupportedInterfaceOrientations_iPad = "UIInterfaceOrientationLandscapeLeft UIInterfaceOrientationLandscapeRight UIInterfaceOrientationPortrait UIInterfaceOrientationPortraitUpsideDown";
				LD_RUNPATH_SEARCH_PATHS = (
					"$(inherited)",
					"@executable_path/Frameworks",
				);
				MARKETING_VERSION = 1.0;
				PRODUCT_BUNDLE_IDENTIFIER = hoonjoo.dama;
				PRODUCT_NAME = "$(TARGET_NAME)";
				SUPPORTED_PLATFORMS = "iphoneos iphonesimulator";
				SUPPORTS_MACCATALYST = NO;
				SUPPORTS_MAC_DESIGNED_FOR_IPHONE_IPAD = NO;
				SWIFT_EMIT_LOC_STRINGS = YES;
				SWIFT_VERSION = 5.0;
				TARGETED_DEVICE_FAMILY = 1;
			};
			name = Release;
		};
/* End XCBuildConfiguration section */

/* Begin XCConfigurationList section */
		CB5CA3842996CB9600487D47 /* Build configuration list for PBXProject "dama" */ = {
			isa = XCConfigurationList;
			buildConfigurations = (
				CB5CA39B2996CB9800487D47 /* Debug */,
				CB5CA39C2996CB9800487D47 /* Release */,
			);
			defaultConfigurationIsVisible = 0;
			defaultConfigurationName = Release;
		};
		CB5CA39D2996CB9800487D47 /* Build configuration list for PBXNativeTarget "dama" */ = {
			isa = XCConfigurationList;
			buildConfigurations = (
				CB5CA39E2996CB9800487D47 /* Debug */,
				CB5CA39F2996CB9800487D47 /* Release */,
			);
			defaultConfigurationIsVisible = 0;
			defaultConfigurationName = Release;
		};
/* End XCConfigurationList section */
	};
	rootObject = CB5CA3812996CB9600487D47 /* Project object */;
}
